
Microsoft Visual Studio Solution File, Format Version 12.00
# Visual Studio Version 17
VisualStudioVersion = 17.3.32901.215
MinimumVisualStudioVersion = 10.0.40219.1
Project("{FAE04EC0-301F-11D3-BF4B-00C04F79EFBC}") = "Labb 3 OOP", "Labb 3 OOP.csproj", "{9F8B737E-4E38-4414-BBE4-BDAB7F0039E8}"
EndProject
Global
	GlobalSection(SolutionConfigurationPlatforms) = preSolution
		Debug|Any CPU = Debug|Any CPU
		Release|Any CPU = Release|Any CPU
	EndGlobalSection
	GlobalSection(ProjectConfigurationPlatforms) = postSolution
		{9F8B737E-4E38-4414-BBE4-BDAB7F0039E8}.Debug|Any CPU.ActiveCfg = Debug|Any CPU
		{9F8B737E-4E38-4414-BBE4-BDAB7F0039E8}.Debug|Any CPU.Build.0 = Debug|Any CPU
		{9F8B737E-4E38-4414-BBE4-BDAB7F0039E8}.Release|Any CPU.ActiveCfg = Release|Any CPU
		{9F8B737E-4E38-4414-BBE4-BDAB7F0039E8}.Release|Any CPU.Build.0 = Release|Any CPU
	EndGlobalSection
	GlobalSection(SolutionProperties) = preSolution
		HideSolutionNode = FALSE
	EndGlobalSection
	GlobalSection(ExtensibilityGlobals) = postSolution
		SolutionGuid = {64088AB4-1461-46D0-AD5B-284693303D45}
	EndGlobalSection
EndGlobal
